
Microsoft Visual Studio Solution File, Format Version 12.00
# Visual Studio 2013
VisualStudioVersion = 12.0.31101.0
MinimumVisualStudioVersion = 10.0.40219.1
Project("{FAE04EC0-301F-11D3-BF4B-00C04F79EFBC}") = "Attereco-Front", "Attereco-Front\Attereco-Front.csproj", "{20DF88B3-708E-4A61-8CDC-EEC096161EB1}"
EndProject
Project("{FAE04EC0-301F-11D3-BF4B-00C04F79EFBC}") = "Attereco-Front-Test", "Attereco-Front-Test\Attereco-Front-Test.csproj", "{4ACFB85D-A824-4CE7-8642-8AF34DCCF36A}"
EndProject
Project("{FAE04EC0-301F-11D3-BF4B-00C04F79EFBC}") = "Attereco-Register", "Attereco-Register\Attereco-Register.csproj", "{072C09FE-EB9A-416F-BA4F-5F2A7241DC47}"
EndProject
Global
	GlobalSection(SolutionConfigurationPlatforms) = preSolution
		Debug|Any CPU = Debug|Any CPU
		Release|Any CPU = Release|Any CPU
	EndGlobalSection
	GlobalSection(ProjectConfigurationPlatforms) = postSolution
		{20DF88B3-708E-4A61-8CDC-EEC096161EB1}.Debug|Any CPU.ActiveCfg = Debug|Any CPU
		{20DF88B3-708E-4A61-8CDC-EEC096161EB1}.Debug|Any CPU.Build.0 = Debug|Any CPU
		{20DF88B3-708E-4A61-8CDC-EEC096161EB1}.Release|Any CPU.ActiveCfg = Release|Any CPU
		{20DF88B3-708E-4A61-8CDC-EEC096161EB1}.Release|Any CPU.Build.0 = Release|Any CPU
		{4ACFB85D-A824-4CE7-8642-8AF34DCCF36A}.Debug|Any CPU.ActiveCfg = Debug|Any CPU
		{4ACFB85D-A824-4CE7-8642-8AF34DCCF36A}.Debug|Any CPU.Build.0 = Debug|Any CPU
		{4ACFB85D-A824-4CE7-8642-8AF34DCCF36A}.Release|Any CPU.ActiveCfg = Release|Any CPU
		{4ACFB85D-A824-4CE7-8642-8AF34DCCF36A}.Release|Any CPU.Build.0 = Release|Any CPU
		{072C09FE-EB9A-416F-BA4F-5F2A7241DC47}.Debug|Any CPU.ActiveCfg = Debug|Any CPU
		{072C09FE-EB9A-416F-BA4F-5F2A7241DC47}.Debug|Any CPU.Build.0 = Debug|Any CPU
		{072C09FE-EB9A-416F-BA4F-5F2A7241DC47}.Release|Any CPU.ActiveCfg = Release|Any CPU
		{072C09FE-EB9A-416F-BA4F-5F2A7241DC47}.Release|Any CPU.Build.0 = Release|Any CPU
	EndGlobalSection
	GlobalSection(SolutionProperties) = preSolution
		HideSolutionNode = FALSE
	EndGlobalSection
EndGlobal
